
Microsoft Visual Studio Solution File, Format Version 12.00
# Visual Studio Version 17
VisualStudioVersion = 17.3.32901.215
MinimumVisualStudioVersion = 10.0.40219.1
Project("{9A19103F-16F7-4668-BE54-9A1E7A4F7556}") = "Day06", "Day06\Day06.csproj", "{085BF3AD-62D7-4335-A8CB-1FD3D6B66733}"
EndProject
Project("{9A19103F-16F7-4668-BE54-9A1E7A4F7556}") = "Helper", "Helper\Helper.csproj", "{88F3C3B7-A084-480F-8B7C-F41F9B6999CD}"
EndProject
Project("{9A19103F-16F7-4668-BE54-9A1E7A4F7556}") = "Day08", "Day08\Day08.csproj", "{A86C225B-7B0C-4013-AC43-22972AC62D08}"
EndProject
Project("{9A19103F-16F7-4668-BE54-9A1E7A4F7556}") = "Day07", "Day07\Day07.csproj", "{8A78EB30-5AC4-4CF9-A485-70761A709EE3}"
EndProject
Project("{2150E333-8FDC-42A3-9474-1A3956D46DE8}") = "Solution Items", "Solution Items", "{A22BFA3B-5DC9-491B-991A-FAD92001EA6B}"
	ProjectSection(SolutionItems) = preProject
		.editorconfig = .editorconfig
	EndProjectSection
EndProject
Project("{FAE04EC0-301F-11D3-BF4B-00C04F79EFBC}") = "Day01", "Day01\Day01.csproj", "{19A7CFB3-D673-4F14-8D00-1B5E51639524}"
EndProject
Project("{9A19103F-16F7-4668-BE54-9A1E7A4F7556}") = "Day02", "Day02\Day02.csproj", "{D4262D47-9C77-4AEF-AB63-66597B40A0B0}"
EndProject
Project("{9A19103F-16F7-4668-BE54-9A1E7A4F7556}") = "Day03", "Day03\Day03.csproj", "{07188402-6CAA-4D79-9FED-F535F2994AEE}"
EndProject
Project("{9A19103F-16F7-4668-BE54-9A1E7A4F7556}") = "Day04", "Day04\Day04.csproj", "{C50353AE-D4F2-491D-AF2E-F467E2523FF8}"
EndProject
Project("{9A19103F-16F7-4668-BE54-9A1E7A4F7556}") = "Day05", "Day05\Day05.csproj", "{87E77024-0BDF-44A5-B992-61C73C4BA0CC}"
EndProject
Project("{9A19103F-16F7-4668-BE54-9A1E7A4F7556}") = "Day09", "Day09\Day09.csproj", "{A04B72C7-287B-432E-9228-3AA5821CF233}"
EndProject
Project("{9A19103F-16F7-4668-BE54-9A1E7A4F7556}") = "Day10", "Day10\Day10.csproj", "{8A1F0CC1-877C-46B2-BEA1-AA0E86A8E7F5}"
EndProject
Project("{9A19103F-16F7-4668-BE54-9A1E7A4F7556}") = "Day11", "Day11\Day11.csproj", "{449BC8B5-FA86-43DF-9046-A0CF8E337FFD}"
EndProject
Project("{9A19103F-16F7-4668-BE54-9A1E7A4F7556}") = "Day12", "Day12\Day12.csproj", "{228FA1F1-984C-44D0-B3E1-D5E71BEF04FA}"
EndProject
Project("{9A19103F-16F7-4668-BE54-9A1E7A4F7556}") = "Day13", "Day13\Day13.csproj", "{E3F1B4FB-9578-42CA-B7B1-DE2AA67EDDD8}"
EndProject
Project("{9A19103F-16F7-4668-BE54-9A1E7A4F7556}") = "Day14", "Day14\Day14.csproj", "{C5B82BCE-2424-470C-B6C5-6E30DA71A887}"
EndProject
Project("{9A19103F-16F7-4668-BE54-9A1E7A4F7556}") = "Day15", "Day15\Day15.csproj", "{5095E367-D180-4C7E-BF3F-149175F7EE8B}"
EndProject
Project("{9A19103F-16F7-4668-BE54-9A1E7A4F7556}") = "Day16", "Day16\Day16.csproj", "{684A0978-3DE0-4BD3-B8FA-F3AC38F9FDCE}"
EndProject
Project("{9A19103F-16F7-4668-BE54-9A1E7A4F7556}") = "Day17", "Day17\Day17.csproj", "{C8F5B095-0C63-44A6-A07C-B150E8A5B0AB}"
EndProject
Project("{9A19103F-16F7-4668-BE54-9A1E7A4F7556}") = "Day18", "Day18\Day18.csproj", "{A731E244-96B0-4AD8-B43B-181203B349A0}"
EndProject
Project("{9A19103F-16F7-4668-BE54-9A1E7A4F7556}") = "Day19", "Day19\Day19.csproj", "{AE3171BD-17B0-4F38-AC62-2686D60121CC}"
EndProject
Project("{9A19103F-16F7-4668-BE54-9A1E7A4F7556}") = "Day20", "Day20\Day20.csproj", "{CE1ECF8B-1CD7-4C4D-8AE3-774CBE124D47}"
EndProject
Project("{9A19103F-16F7-4668-BE54-9A1E7A4F7556}") = "Day21", "Day21\Day21.csproj", "{6B42580D-B929-4624-88C7-78D873D48BC2}"
EndProject
Project("{9A19103F-16F7-4668-BE54-9A1E7A4F7556}") = "Day22", "Day22\Day22.csproj", "{973A79B7-7FC5-4B03-A0BE-CCE83DADC8EF}"
EndProject
Project("{9A19103F-16F7-4668-BE54-9A1E7A4F7556}") = "Day23", "Day23\Day23.csproj", "{0370DA15-F19F-4991-91DE-50479BC5E395}"
EndProject
Project("{9A19103F-16F7-4668-BE54-9A1E7A4F7556}") = "Day24", "Day24\Day24.csproj", "{FF7961C6-3472-44F7-B132-F0961F6AA0D6}"
EndProject
Project("{9A19103F-16F7-4668-BE54-9A1E7A4F7556}") = "Day25", "Day25\Day25.csproj", "{44059AEE-7583-4987-9858-02EAFC40CF9B}"
EndProject
Global
	GlobalSection(SolutionConfigurationPlatforms) = preSolution
		Debug|Any CPU = Debug|Any CPU
		Debug|x86 = Debug|x86
		Release|Any CPU = Release|Any CPU
		Release|x86 = Release|x86
	EndGlobalSection
	GlobalSection(ProjectConfigurationPlatforms) = postSolution
		{085BF3AD-62D7-4335-A8CB-1FD3D6B66733}.Debug|Any CPU.ActiveCfg = Debug|Any CPU
		{085BF3AD-62D7-4335-A8CB-1FD3D6B66733}.Debug|Any CPU.Build.0 = Debug|Any CPU
		{085BF3AD-62D7-4335-A8CB-1FD3D6B66733}.Debug|x86.ActiveCfg = Debug|Any CPU
		{085BF3AD-62D7-4335-A8CB-1FD3D6B66733}.Debug|x86.Build.0 = Debug|Any CPU
		{085BF3AD-62D7-4335-A8CB-1FD3D6B66733}.Release|Any CPU.ActiveCfg = Release|Any CPU
		{085BF3AD-62D7-4335-A8CB-1FD3D6B66733}.Release|Any CPU.Build.0 = Release|Any CPU
		{085BF3AD-62D7-4335-A8CB-1FD3D6B66733}.Release|x86.ActiveCfg = Release|Any CPU
		{085BF3AD-62D7-4335-A8CB-1FD3D6B66733}.Release|x86.Build.0 = Release|Any CPU
		{88F3C3B7-A084-480F-8B7C-F41F9B6999CD}.Debug|Any CPU.ActiveCfg = Debug|Any CPU
		{88F3C3B7-A084-480F-8B7C-F41F9B6999CD}.Debug|Any CPU.Build.0 = Debug|Any CPU
		{88F3C3B7-A084-480F-8B7C-F41F9B6999CD}.Debug|x86.ActiveCfg = Debug|Any CPU
		{88F3C3B7-A084-480F-8B7C-F41F9B6999CD}.Debug|x86.Build.0 = Debug|Any CPU
		{88F3C3B7-A084-480F-8B7C-F41F9B6999CD}.Release|Any CPU.ActiveCfg = Release|Any CPU
		{88F3C3B7-A084-480F-8B7C-F41F9B6999CD}.Release|Any CPU.Build.0 = Release|Any CPU
		{88F3C3B7-A084-480F-8B7C-F41F9B6999CD}.Release|x86.ActiveCfg = Release|Any CPU
		{88F3C3B7-A084-480F-8B7C-F41F9B6999CD}.Release|x86.Build.0 = Release|Any CPU
		{A86C225B-7B0C-4013-AC43-22972AC62D08}.Debug|Any CPU.ActiveCfg = Debug|Any CPU
		{A86C225B-7B0C-4013-AC43-22972AC62D08}.Debug|Any CPU.Build.0 = Debug|Any CPU
		{A86C225B-7B0C-4013-AC43-22972AC62D08}.Debug|x86.ActiveCfg = Debug|Any CPU
		{A86C225B-7B0C-4013-AC43-22972AC62D08}.Debug|x86.Build.0 = Debug|Any CPU
		{A86C225B-7B0C-4013-AC43-22972AC62D08}.Release|Any CPU.ActiveCfg = Release|Any CPU
		{A86C225B-7B0C-4013-AC43-22972AC62D08}.Release|Any CPU.Build.0 = Release|Any CPU
		{A86C225B-7B0C-4013-AC43-22972AC62D08}.Release|x86.ActiveCfg = Release|Any CPU
		{A86C225B-7B0C-4013-AC43-22972AC62D08}.Release|x86.Build.0 = Release|Any CPU
		{8A78EB30-5AC4-4CF9-A485-70761A709EE3}.Debug|Any CPU.ActiveCfg = Debug|Any CPU
		{8A78EB30-5AC4-4CF9-A485-70761A709EE3}.Debug|Any CPU.Build.0 = Debug|Any CPU
		{8A78EB30-5AC4-4CF9-A485-70761A709EE3}.Debug|x86.ActiveCfg = Debug|Any CPU
		{8A78EB30-5AC4-4CF9-A485-70761A709EE3}.Debug|x86.Build.0 = Debug|Any CPU
		{8A78EB30-5AC4-4CF9-A485-70761A709EE3}.Release|Any CPU.ActiveCfg = Release|Any CPU
		{8A78EB30-5AC4-4CF9-A485-70761A709EE3}.Release|Any CPU.Build.0 = Release|Any CPU
		{8A78EB30-5AC4-4CF9-A485-70761A709EE3}.Release|x86.ActiveCfg = Release|Any CPU
		{8A78EB30-5AC4-4CF9-A485-70761A709EE3}.Release|x86.Build.0 = Release|Any CPU
		{19A7CFB3-D673-4F14-8D00-1B5E51639524}.Debug|Any CPU.ActiveCfg = Debug|Any CPU
		{19A7CFB3-D673-4F14-8D00-1B5E51639524}.Debug|Any CPU.Build.0 = Debug|Any CPU
		{19A7CFB3-D673-4F14-8D00-1B5E51639524}.Debug|x86.ActiveCfg = Debug|Any CPU
		{19A7CFB3-D673-4F14-8D00-1B5E51639524}.Debug|x86.Build.0 = Debug|Any CPU
		{19A7CFB3-D673-4F14-8D00-1B5E51639524}.Release|Any CPU.ActiveCfg = Release|Any CPU
		{19A7CFB3-D673-4F14-8D00-1B5E51639524}.Release|Any CPU.Build.0 = Release|Any CPU
		{19A7CFB3-D673-4F14-8D00-1B5E51639524}.Release|x86.ActiveCfg = Release|Any CPU
		{19A7CFB3-D673-4F14-8D00-1B5E51639524}.Release|x86.Build.0 = Release|Any CPU
		{D4262D47-9C77-4AEF-AB63-66597B40A0B0}.Debug|Any CPU.ActiveCfg = Debug|Any CPU
		{D4262D47-9C77-4AEF-AB63-66597B40A0B0}.Debug|Any CPU.Build.0 = Debug|Any CPU
		{D4262D47-9C77-4AEF-AB63-66597B40A0B0}.Debug|x86.ActiveCfg = Debug|Any CPU
		{D4262D47-9C77-4AEF-AB63-66597B40A0B0}.Debug|x86.Build.0 = Debug|Any CPU
		{D4262D47-9C77-4AEF-AB63-66597B40A0B0}.Release|Any CPU.ActiveCfg = Release|Any CPU
		{D4262D47-9C77-4AEF-AB63-66597B40A0B0}.Release|Any CPU.Build.0 = Release|Any CPU
		{D4262D47-9C77-4AEF-AB63-66597B40A0B0}.Release|x86.ActiveCfg = Release|Any CPU
		{D4262D47-9C77-4AEF-AB63-66597B40A0B0}.Release|x86.Build.0 = Release|Any CPU
		{07188402-6CAA-4D79-9FED-F535F2994AEE}.Debug|Any CPU.ActiveCfg = Debug|Any CPU
		{07188402-6CAA-4D79-9FED-F535F2994AEE}.Debug|Any CPU.Build.0 = Debug|Any CPU
		{07188402-6CAA-4D79-9FED-F535F2994AEE}.Debug|x86.ActiveCfg = Debug|Any CPU
		{07188402-6CAA-4D79-9FED-F535F2994AEE}.Debug|x86.Build.0 = Debug|Any CPU
		{07188402-6CAA-4D79-9FED-F535F2994AEE}.Release|Any CPU.ActiveCfg = Release|Any CPU
		{07188402-6CAA-4D79-9FED-F535F2994AEE}.Release|Any CPU.Build.0 = Release|Any CPU
		{07188402-6CAA-4D79-9FED-F535F2994AEE}.Release|x86.ActiveCfg = Release|Any CPU
		{07188402-6CAA-4D79-9FED-F535F2994AEE}.Release|x86.Build.0 = Release|Any CPU
		{C50353AE-D4F2-491D-AF2E-F467E2523FF8}.Debug|Any CPU.ActiveCfg = Debug|Any CPU
		{C50353AE-D4F2-491D-AF2E-F467E2523FF8}.Debug|Any CPU.Build.0 = Debug|Any CPU
		{C50353AE-D4F2-491D-AF2E-F467E2523FF8}.Debug|x86.ActiveCfg = Debug|Any CPU
		{C50353AE-D4F2-491D-AF2E-F467E2523FF8}.Debug|x86.Build.0 = Debug|Any CPU
		{C50353AE-D4F2-491D-AF2E-F467E2523FF8}.Release|Any CPU.ActiveCfg = Release|Any CPU
		{C50353AE-D4F2-491D-AF2E-F467E2523FF8}.Release|Any CPU.Build.0 = Release|Any CPU
		{C50353AE-D4F2-491D-AF2E-F467E2523FF8}.Release|x86.ActiveCfg = Release|Any CPU
		{C50353AE-D4F2-491D-AF2E-F467E2523FF8}.Release|x86.Build.0 = Release|Any CPU
		{87E77024-0BDF-44A5-B992-61C73C4BA0CC}.Debug|Any CPU.ActiveCfg = Debug|Any CPU
		{87E77024-0BDF-44A5-B992-61C73C4BA0CC}.Debug|Any CPU.Build.0 = Debug|Any CPU
		{87E77024-0BDF-44A5-B992-61C73C4BA0CC}.Debug|x86.ActiveCfg = Debug|Any CPU
		{87E77024-0BDF-44A5-B992-61C73C4BA0CC}.Debug|x86.Build.0 = Debug|Any CPU
		{87E77024-0BDF-44A5-B992-61C73C4BA0CC}.Release|Any CPU.ActiveCfg = Release|Any CPU
		{87E77024-0BDF-44A5-B992-61C73C4BA0CC}.Release|Any CPU.Build.0 = Release|Any CPU
		{87E77024-0BDF-44A5-B992-61C73C4BA0CC}.Release|x86.ActiveCfg = Release|Any CPU
		{87E77024-0BDF-44A5-B992-61C73C4BA0CC}.Release|x86.Build.0 = Release|Any CPU
		{A04B72C7-287B-432E-9228-3AA5821CF233}.Debug|Any CPU.ActiveCfg = Debug|Any CPU
		{A04B72C7-287B-432E-9228-3AA5821CF233}.Debug|Any CPU.Build.0 = Debug|Any CPU
		{A04B72C7-287B-432E-9228-3AA5821CF233}.Debug|x86.ActiveCfg = Debug|Any CPU
		{A04B72C7-287B-432E-9228-3AA5821CF233}.Debug|x86.Build.0 = Debug|Any CPU
		{A04B72C7-287B-432E-9228-3AA5821CF233}.Release|Any CPU.ActiveCfg = Release|Any CPU
		{A04B72C7-287B-432E-9228-3AA5821CF233}.Release|Any CPU.Build.0 = Release|Any CPU
		{A04B72C7-287B-432E-9228-3AA5821CF233}.Release|x86.ActiveCfg = Release|Any CPU
		{A04B72C7-287B-432E-9228-3AA5821CF233}.Release|x86.Build.0 = Release|Any CPU
		{8A1F0CC1-877C-46B2-BEA1-AA0E86A8E7F5}.Debug|Any CPU.ActiveCfg = Debug|Any CPU
		{8A1F0CC1-877C-46B2-BEA1-AA0E86A8E7F5}.Debug|Any CPU.Build.0 = Debug|Any CPU
		{8A1F0CC1-877C-46B2-BEA1-AA0E86A8E7F5}.Debug|x86.ActiveCfg = Debug|Any CPU
		{8A1F0CC1-877C-46B2-BEA1-AA0E86A8E7F5}.Debug|x86.Build.0 = Debug|Any CPU
		{8A1F0CC1-877C-46B2-BEA1-AA0E86A8E7F5}.Release|Any CPU.ActiveCfg = Release|Any CPU
		{8A1F0CC1-877C-46B2-BEA1-AA0E86A8E7F5}.Release|Any CPU.Build.0 = Release|Any CPU
		{8A1F0CC1-877C-46B2-BEA1-AA0E86A8E7F5}.Release|x86.ActiveCfg = Release|Any CPU
		{8A1F0CC1-877C-46B2-BEA1-AA0E86A8E7F5}.Release|x86.Build.0 = Release|Any CPU
		{449BC8B5-FA86-43DF-9046-A0CF8E337FFD}.Debug|Any CPU.ActiveCfg = Debug|Any CPU
		{449BC8B5-FA86-43DF-9046-A0CF8E337FFD}.Debug|Any CPU.Build.0 = Debug|Any CPU
		{449BC8B5-FA86-43DF-9046-A0CF8E337FFD}.Debug|x86.ActiveCfg = Debug|Any CPU
		{449BC8B5-FA86-43DF-9046-A0CF8E337FFD}.Debug|x86.Build.0 = Debug|Any CPU
		{449BC8B5-FA86-43DF-9046-A0CF8E337FFD}.Release|Any CPU.ActiveCfg = Release|Any CPU
		{449BC8B5-FA86-43DF-9046-A0CF8E337FFD}.Release|Any CPU.Build.0 = Release|Any CPU
		{449BC8B5-FA86-43DF-9046-A0CF8E337FFD}.Release|x86.ActiveCfg = Release|Any CPU
		{449BC8B5-FA86-43DF-9046-A0CF8E337FFD}.Release|x86.Build.0 = Release|Any CPU
		{228FA1F1-984C-44D0-B3E1-D5E71BEF04FA}.Debug|Any CPU.ActiveCfg = Debug|Any CPU
		{228FA1F1-984C-44D0-B3E1-D5E71BEF04FA}.Debug|Any CPU.Build.0 = Debug|Any CPU
		{228FA1F1-984C-44D0-B3E1-D5E71BEF04FA}.Debug|x86.ActiveCfg = Debug|Any CPU
		{228FA1F1-984C-44D0-B3E1-D5E71BEF04FA}.Debug|x86.Build.0 = Debug|Any CPU
		{228FA1F1-984C-44D0-B3E1-D5E71BEF04FA}.Release|Any CPU.ActiveCfg = Release|Any CPU
		{228FA1F1-984C-44D0-B3E1-D5E71BEF04FA}.Release|Any CPU.Build.0 = Release|Any CPU
		{228FA1F1-984C-44D0-B3E1-D5E71BEF04FA}.Release|x86.ActiveCfg = Release|Any CPU
		{228FA1F1-984C-44D0-B3E1-D5E71BEF04FA}.Release|x86.Build.0 = Release|Any CPU
		{E3F1B4FB-9578-42CA-B7B1-DE2AA67EDDD8}.Debug|Any CPU.ActiveCfg = Debug|Any CPU
		{E3F1B4FB-9578-42CA-B7B1-DE2AA67EDDD8}.Debug|Any CPU.Build.0 = Debug|Any CPU
		{E3F1B4FB-9578-42CA-B7B1-DE2AA67EDDD8}.Debug|x86.ActiveCfg = Debug|Any CPU
		{E3F1B4FB-9578-42CA-B7B1-DE2AA67EDDD8}.Debug|x86.Build.0 = Debug|Any CPU
		{E3F1B4FB-9578-42CA-B7B1-DE2AA67EDDD8}.Release|Any CPU.ActiveCfg = Release|Any CPU
		{E3F1B4FB-9578-42CA-B7B1-DE2AA67EDDD8}.Release|Any CPU.Build.0 = Release|Any CPU
		{E3F1B4FB-9578-42CA-B7B1-DE2AA67EDDD8}.Release|x86.ActiveCfg = Release|Any CPU
		{E3F1B4FB-9578-42CA-B7B1-DE2AA67EDDD8}.Release|x86.Build.0 = Release|Any CPU
		{C5B82BCE-2424-470C-B6C5-6E30DA71A887}.Debug|Any CPU.ActiveCfg = Debug|Any CPU
		{C5B82BCE-2424-470C-B6C5-6E30DA71A887}.Debug|Any CPU.Build.0 = Debug|Any CPU
		{C5B82BCE-2424-470C-B6C5-6E30DA71A887}.Debug|x86.ActiveCfg = Debug|Any CPU
		{C5B82BCE-2424-470C-B6C5-6E30DA71A887}.Debug|x86.Build.0 = Debug|Any CPU
		{C5B82BCE-2424-470C-B6C5-6E30DA71A887}.Release|Any CPU.ActiveCfg = Release|Any CPU
		{C5B82BCE-2424-470C-B6C5-6E30DA71A887}.Release|Any CPU.Build.0 = Release|Any CPU
		{C5B82BCE-2424-470C-B6C5-6E30DA71A887}.Release|x86.ActiveCfg = Release|Any CPU
		{C5B82BCE-2424-470C-B6C5-6E30DA71A887}.Release|x86.Build.0 = Release|Any CPU
		{5095E367-D180-4C7E-BF3F-149175F7EE8B}.Debug|Any CPU.ActiveCfg = Debug|Any CPU
		{5095E367-D180-4C7E-BF3F-149175F7EE8B}.Debug|Any CPU.Build.0 = Debug|Any CPU
		{5095E367-D180-4C7E-BF3F-149175F7EE8B}.Debug|x86.ActiveCfg = Debug|Any CPU
		{5095E367-D180-4C7E-BF3F-149175F7EE8B}.Debug|x86.Build.0 = Debug|Any CPU
		{5095E367-D180-4C7E-BF3F-149175F7EE8B}.Release|Any CPU.ActiveCfg = Release|Any CPU
		{5095E367-D180-4C7E-BF3F-149175F7EE8B}.Release|Any CPU.Build.0 = Release|Any CPU
		{5095E367-D180-4C7E-BF3F-149175F7EE8B}.Release|x86.ActiveCfg = Release|Any CPU
		{5095E367-D180-4C7E-BF3F-149175F7EE8B}.Release|x86.Build.0 = Release|Any CPU
		{684A0978-3DE0-4BD3-B8FA-F3AC38F9FDCE}.Debug|Any CPU.ActiveCfg = Debug|Any CPU
		{684A0978-3DE0-4BD3-B8FA-F3AC38F9FDCE}.Debug|Any CPU.Build.0 = Debug|Any CPU
		{684A0978-3DE0-4BD3-B8FA-F3AC38F9FDCE}.Debug|x86.ActiveCfg = Debug|Any CPU
		{684A0978-3DE0-4BD3-B8FA-F3AC38F9FDCE}.Debug|x86.Build.0 = Debug|Any CPU
		{684A0978-3DE0-4BD3-B8FA-F3AC38F9FDCE}.Release|Any CPU.ActiveCfg = Release|Any CPU
		{684A0978-3DE0-4BD3-B8FA-F3AC38F9FDCE}.Release|Any CPU.Build.0 = Release|Any CPU
		{684A0978-3DE0-4BD3-B8FA-F3AC38F9FDCE}.Release|x86.ActiveCfg = Release|Any CPU
		{684A0978-3DE0-4BD3-B8FA-F3AC38F9FDCE}.Release|x86.Build.0 = Release|Any CPU
		{C8F5B095-0C63-44A6-A07C-B150E8A5B0AB}.Debug|Any CPU.ActiveCfg = Debug|Any CPU
		{C8F5B095-0C63-44A6-A07C-B150E8A5B0AB}.Debug|Any CPU.Build.0 = Debug|Any CPU
		{C8F5B095-0C63-44A6-A07C-B150E8A5B0AB}.Debug|x86.ActiveCfg = Debug|Any CPU
		{C8F5B095-0C63-44A6-A07C-B150E8A5B0AB}.Debug|x86.Build.0 = Debug|Any CPU
		{C8F5B095-0C63-44A6-A07C-B150E8A5B0AB}.Release|Any CPU.ActiveCfg = Release|Any CPU
		{C8F5B095-0C63-44A6-A07C-B150E8A5B0AB}.Release|Any CPU.Build.0 = Release|Any CPU
		{C8F5B095-0C63-44A6-A07C-B150E8A5B0AB}.Release|x86.ActiveCfg = Release|Any CPU
		{C8F5B095-0C63-44A6-A07C-B150E8A5B0AB}.Release|x86.Build.0 = Release|Any CPU
		{A731E244-96B0-4AD8-B43B-181203B349A0}.Debug|Any CPU.ActiveCfg = Debug|Any CPU
		{A731E244-96B0-4AD8-B43B-181203B349A0}.Debug|Any CPU.Build.0 = Debug|Any CPU
		{A731E244-96B0-4AD8-B43B-181203B349A0}.Debug|x86.ActiveCfg = Debug|Any CPU
		{A731E244-96B0-4AD8-B43B-181203B349A0}.Debug|x86.Build.0 = Debug|Any CPU
		{A731E244-96B0-4AD8-B43B-181203B349A0}.Release|Any CPU.ActiveCfg = Release|Any CPU
		{A731E244-96B0-4AD8-B43B-181203B349A0}.Release|Any CPU.Build.0 = Release|Any CPU
		{A731E244-96B0-4AD8-B43B-181203B349A0}.Release|x86.ActiveCfg = Release|Any CPU
		{A731E244-96B0-4AD8-B43B-181203B349A0}.Release|x86.Build.0 = Release|Any CPU
		{AE3171BD-17B0-4F38-AC62-2686D60121CC}.Debug|Any CPU.ActiveCfg = Debug|Any CPU
		{AE3171BD-17B0-4F38-AC62-2686D60121CC}.Debug|Any CPU.Build.0 = Debug|Any CPU
		{AE3171BD-17B0-4F38-AC62-2686D60121CC}.Debug|x86.ActiveCfg = Debug|Any CPU
		{AE3171BD-17B0-4F38-AC62-2686D60121CC}.Debug|x86.Build.0 = Debug|Any CPU
		{AE3171BD-17B0-4F38-AC62-2686D60121CC}.Release|Any CPU.ActiveCfg = Release|Any CPU
		{AE3171BD-17B0-4F38-AC62-2686D60121CC}.Release|Any CPU.Build.0 = Release|Any CPU
		{AE3171BD-17B0-4F38-AC62-2686D60121CC}.Release|x86.ActiveCfg = Release|Any CPU
		{AE3171BD-17B0-4F38-AC62-2686D60121CC}.Release|x86.Build.0 = Release|Any CPU
		{CE1ECF8B-1CD7-4C4D-8AE3-774CBE124D47}.Debug|Any CPU.ActiveCfg = Debug|Any CPU
		{CE1ECF8B-1CD7-4C4D-8AE3-774CBE124D47}.Debug|Any CPU.Build.0 = Debug|Any CPU
		{CE1ECF8B-1CD7-4C4D-8AE3-774CBE124D47}.Debug|x86.ActiveCfg = Debug|Any CPU
		{CE1ECF8B-1CD7-4C4D-8AE3-774CBE124D47}.Debug|x86.Build.0 = Debug|Any CPU
		{CE1ECF8B-1CD7-4C4D-8AE3-774CBE124D47}.Release|Any CPU.ActiveCfg = Release|Any CPU
		{CE1ECF8B-1CD7-4C4D-8AE3-774CBE124D47}.Release|Any CPU.Build.0 = Release|Any CPU
		{CE1ECF8B-1CD7-4C4D-8AE3-774CBE124D47}.Release|x86.ActiveCfg = Release|Any CPU
		{CE1ECF8B-1CD7-4C4D-8AE3-774CBE124D47}.Release|x86.Build.0 = Release|Any CPU
		{6B42580D-B929-4624-88C7-78D873D48BC2}.Debug|Any CPU.ActiveCfg = Debug|Any CPU
		{6B42580D-B929-4624-88C7-78D873D48BC2}.Debug|Any CPU.Build.0 = Debug|Any CPU
		{6B42580D-B929-4624-88C7-78D873D48BC2}.Debug|x86.ActiveCfg = Debug|Any CPU
		{6B42580D-B929-4624-88C7-78D873D48BC2}.Debug|x86.Build.0 = Debug|Any CPU
		{6B42580D-B929-4624-88C7-78D873D48BC2}.Release|Any CPU.ActiveCfg = Release|Any CPU
		{6B42580D-B929-4624-88C7-78D873D48BC2}.Release|Any CPU.Build.0 = Release|Any CPU
		{6B42580D-B929-4624-88C7-78D873D48BC2}.Release|x86.ActiveCfg = Release|Any CPU
		{6B42580D-B929-4624-88C7-78D873D48BC2}.Release|x86.Build.0 = Release|Any CPU
		{973A79B7-7FC5-4B03-A0BE-CCE83DADC8EF}.Debug|Any CPU.ActiveCfg = Debug|Any CPU
		{973A79B7-7FC5-4B03-A0BE-CCE83DADC8EF}.Debug|Any CPU.Build.0 = Debug|Any CPU
		{973A79B7-7FC5-4B03-A0BE-CCE83DADC8EF}.Debug|x86.ActiveCfg = Debug|Any CPU
		{973A79B7-7FC5-4B03-A0BE-CCE83DADC8EF}.Debug|x86.Build.0 = Debug|Any CPU
		{973A79B7-7FC5-4B03-A0BE-CCE83DADC8EF}.Release|Any CPU.ActiveCfg = Release|Any CPU
		{973A79B7-7FC5-4B03-A0BE-CCE83DADC8EF}.Release|Any CPU.Build.0 = Release|Any CPU
		{973A79B7-7FC5-4B03-A0BE-CCE83DADC8EF}.Release|x86.ActiveCfg = Release|Any CPU
		{973A79B7-7FC5-4B03-A0BE-CCE83DADC8EF}.Release|x86.Build.0 = Release|Any CPU
		{0370DA15-F19F-4991-91DE-50479BC5E395}.Debug|Any CPU.ActiveCfg = Debug|Any CPU
		{0370DA15-F19F-4991-91DE-50479BC5E395}.Debug|Any CPU.Build.0 = Debug|Any CPU
		{0370DA15-F19F-4991-91DE-50479BC5E395}.Debug|x86.ActiveCfg = Debug|Any CPU
		{0370DA15-F19F-4991-91DE-50479BC5E395}.Debug|x86.Build.0 = Debug|Any CPU
		{0370DA15-F19F-4991-91DE-50479BC5E395}.Release|Any CPU.ActiveCfg = Release|Any CPU
		{0370DA15-F19F-4991-91DE-50479BC5E395}.Release|Any CPU.Build.0 = Release|Any CPU
		{0370DA15-F19F-4991-91DE-50479BC5E395}.Release|x86.ActiveCfg = Release|Any CPU
		{0370DA15-F19F-4991-91DE-50479BC5E395}.Release|x86.Build.0 = Release|Any CPU
		{FF7961C6-3472-44F7-B132-F0961F6AA0D6}.Debug|Any CPU.ActiveCfg = Debug|Any CPU
		{FF7961C6-3472-44F7-B132-F0961F6AA0D6}.Debug|Any CPU.Build.0 = Debug|Any CPU
		{FF7961C6-3472-44F7-B132-F0961F6AA0D6}.Debug|x86.ActiveCfg = Debug|Any CPU
		{FF7961C6-3472-44F7-B132-F0961F6AA0D6}.Debug|x86.Build.0 = Debug|Any CPU
		{FF7961C6-3472-44F7-B132-F0961F6AA0D6}.Release|Any CPU.ActiveCfg = Release|Any CPU
		{FF7961C6-3472-44F7-B132-F0961F6AA0D6}.Release|Any CPU.Build.0 = Release|Any CPU
		{FF7961C6-3472-44F7-B132-F0961F6AA0D6}.Release|x86.ActiveCfg = Release|Any CPU
		{FF7961C6-3472-44F7-B132-F0961F6AA0D6}.Release|x86.Build.0 = Release|Any CPU
		{44059AEE-7583-4987-9858-02EAFC40CF9B}.Debug|Any CPU.ActiveCfg = Debug|Any CPU
		{44059AEE-7583-4987-9858-02EAFC40CF9B}.Debug|Any CPU.Build.0 = Debug|Any CPU
		{44059AEE-7583-4987-9858-02EAFC40CF9B}.Debug|x86.ActiveCfg = Debug|Any CPU
		{44059AEE-7583-4987-9858-02EAFC40CF9B}.Debug|x86.Build.0 = Debug|Any CPU
		{44059AEE-7583-4987-9858-02EAFC40CF9B}.Release|Any CPU.ActiveCfg = Release|Any CPU
		{44059AEE-7583-4987-9858-02EAFC40CF9B}.Release|Any CPU.Build.0 = Release|Any CPU
		{44059AEE-7583-4987-9858-02EAFC40CF9B}.Release|x86.ActiveCfg = Release|Any CPU
		{44059AEE-7583-4987-9858-02EAFC40CF9B}.Release|x86.Build.0 = Release|Any CPU
	EndGlobalSection
	GlobalSection(SolutionProperties) = preSolution
		HideSolutionNode = FALSE
	EndGlobalSection
	GlobalSection(ExtensibilityGlobals) = postSolution
		SolutionGuid = {5244E9B2-0B90-473C-B3AC-BAD58D64A707}
	EndGlobalSection
EndGlobal
